
Microsoft Visual Studio Solution File, Format Version 12.00
# Visual Studio Version 17
VisualStudioVersion = 17.1.32328.378
MinimumVisualStudioVersion = 10.0.40219.1
Project("{9A19103F-16F7-4668-BE54-9A1E7A4F7556}") = "NServiceBus.Storage.MongoDB", "NServiceBus.Storage.MongoDB\NServiceBus.Storage.MongoDB.csproj", "{B34DDE97-B5F7-4FDE-8144-CE0A5C886947}"
EndProject
Project("{9A19103F-16F7-4668-BE54-9A1E7A4F7556}") = "NServiceBus.Storage.MongoDB.Tests", "NServiceBus.Storage.MongoDB.Tests\NServiceBus.Storage.MongoDB.Tests.csproj", "{3B39C103-9D66-490C-AF20-CDC976F80F90}"
EndProject
Project("{2150E333-8FDC-42A3-9474-1A3956D46DE8}") = "Solution Items", "Solution Items", "{204B96DD-7CDD-498E-B527-2CA09B17AD6D}"
	ProjectSection(SolutionItems) = preProject
		Custom.Build.props = Custom.Build.props
	EndProjectSection
EndProject
Project("{9A19103F-16F7-4668-BE54-9A1E7A4F7556}") = "NServiceBus.Storage.MongoDB.AcceptanceTests", "NServiceBus.Storage.MongoDB.AcceptanceTests\NServiceBus.Storage.MongoDB.AcceptanceTests.csproj", "{6BCA8AC9-E4BC-4920-BA3F-C218708B8A6B}"
EndProject
Project("{9A19103F-16F7-4668-BE54-9A1E7A4F7556}") = "NServiceBus.Storage.MongoDB.NoTx.AcceptanceTests", "NServiceBus.Storage.MongoDB.NoTx.AcceptanceTests\NServiceBus.Storage.MongoDB.NoTx.AcceptanceTests.csproj", "{8606004B-F6E3-4400-99D6-5502B136CE29}"
EndProject
Project("{9A19103F-16F7-4668-BE54-9A1E7A4F7556}") = "NServiceBus.Storage.MongoDB.PersistenceTests", "NServiceBus.Storage.MongoDB.PersistenceTests\NServiceBus.Storage.MongoDB.PersistenceTests.csproj", "{1C33EC16-8816-44CD-8E16-E378307A6D36}"
EndProject
Project("{9A19103F-16F7-4668-BE54-9A1E7A4F7556}") = "NServiceBus.Storage.MongoDB.TransactionalSession", "NServiceBus.Storage.MongoDB.TransactionalSession\NServiceBus.Storage.MongoDB.TransactionalSession.csproj", "{AA92057F-2CE7-4CC3-91B1-182B0DC92030}"
EndProject
Project("{9A19103F-16F7-4668-BE54-9A1E7A4F7556}") = "NServiceBus.Storage.MongoDB.TransactionalSession.AcceptanceTests", "NServiceBus.Storage.MongoDB.TransactionalSession.AcceptanceTests\NServiceBus.Storage.MongoDB.TransactionalSession.AcceptanceTests.csproj", "{704337C7-74B5-435A-88C7-AC0E10EA7795}"
EndProject
Project("{FAE04EC0-301F-11D3-BF4B-00C04F79EFBC}") = "NServiceBus.Storage.MongoDB.TransactionalSession.Tests", "NServiceBus.Storage.MongoDB.TransactionalSession.Tests\NServiceBus.Storage.MongoDB.TransactionalSession.Tests.csproj", "{C9FA6374-432B-4E58-AC5C-7C86FEAA9256}"
EndProject
Global
	GlobalSection(SolutionConfigurationPlatforms) = preSolution
		Debug|Any CPU = Debug|Any CPU
		Release|Any CPU = Release|Any CPU
	EndGlobalSection
	GlobalSection(ProjectConfigurationPlatforms) = postSolution
		{B34DDE97-B5F7-4FDE-8144-CE0A5C886947}.Debug|Any CPU.ActiveCfg = Debug|Any CPU
		{B34DDE97-B5F7-4FDE-8144-CE0A5C886947}.Debug|Any CPU.Build.0 = Debug|Any CPU
		{B34DDE97-B5F7-4FDE-8144-CE0A5C886947}.Release|Any CPU.ActiveCfg = Release|Any CPU
		{B34DDE97-B5F7-4FDE-8144-CE0A5C886947}.Release|Any CPU.Build.0 = Release|Any CPU
		{3B39C103-9D66-490C-AF20-CDC976F80F90}.Debug|Any CPU.ActiveCfg = Debug|Any CPU
		{3B39C103-9D66-490C-AF20-CDC976F80F90}.Debug|Any CPU.Build.0 = Debug|Any CPU
		{3B39C103-9D66-490C-AF20-CDC976F80F90}.Release|Any CPU.ActiveCfg = Release|Any CPU
		{3B39C103-9D66-490C-AF20-CDC976F80F90}.Release|Any CPU.Build.0 = Release|Any CPU
		{6BCA8AC9-E4BC-4920-BA3F-C218708B8A6B}.Debug|Any CPU.ActiveCfg = Debug|Any CPU
		{6BCA8AC9-E4BC-4920-BA3F-C218708B8A6B}.Debug|Any CPU.Build.0 = Debug|Any CPU
		{6BCA8AC9-E4BC-4920-BA3F-C218708B8A6B}.Release|Any CPU.ActiveCfg = Release|Any CPU
		{6BCA8AC9-E4BC-4920-BA3F-C218708B8A6B}.Release|Any CPU.Build.0 = Release|Any CPU
		{8606004B-F6E3-4400-99D6-5502B136CE29}.Debug|Any CPU.ActiveCfg = Debug|Any CPU
		{8606004B-F6E3-4400-99D6-5502B136CE29}.Debug|Any CPU.Build.0 = Debug|Any CPU
		{8606004B-F6E3-4400-99D6-5502B136CE29}.Release|Any CPU.ActiveCfg = Release|Any CPU
		{8606004B-F6E3-4400-99D6-5502B136CE29}.Release|Any CPU.Build.0 = Release|Any CPU
		{1C33EC16-8816-44CD-8E16-E378307A6D36}.Debug|Any CPU.ActiveCfg = Debug|Any CPU
		{1C33EC16-8816-44CD-8E16-E378307A6D36}.Debug|Any CPU.Build.0 = Debug|Any CPU
		{1C33EC16-8816-44CD-8E16-E378307A6D36}.Release|Any CPU.ActiveCfg = Release|Any CPU
		{1C33EC16-8816-44CD-8E16-E378307A6D36}.Release|Any CPU.Build.0 = Release|Any CPU
		{AA92057F-2CE7-4CC3-91B1-182B0DC92030}.Debug|Any CPU.ActiveCfg = Debug|Any CPU
		{AA92057F-2CE7-4CC3-91B1-182B0DC92030}.Debug|Any CPU.Build.0 = Debug|Any CPU
		{AA92057F-2CE7-4CC3-91B1-182B0DC92030}.Release|Any CPU.ActiveCfg = Release|Any CPU
		{AA92057F-2CE7-4CC3-91B1-182B0DC92030}.Release|Any CPU.Build.0 = Release|Any CPU
		{704337C7-74B5-435A-88C7-AC0E10EA7795}.Debug|Any CPU.ActiveCfg = Debug|Any CPU
		{704337C7-74B5-435A-88C7-AC0E10EA7795}.Debug|Any CPU.Build.0 = Debug|Any CPU
		{704337C7-74B5-435A-88C7-AC0E10EA7795}.Release|Any CPU.ActiveCfg = Release|Any CPU
		{704337C7-74B5-435A-88C7-AC0E10EA7795}.Release|Any CPU.Build.0 = Release|Any CPU
		{C9FA6374-432B-4E58-AC5C-7C86FEAA9256}.Debug|Any CPU.ActiveCfg = Debug|Any CPU
		{C9FA6374-432B-4E58-AC5C-7C86FEAA9256}.Debug|Any CPU.Build.0 = Debug|Any CPU
		{C9FA6374-432B-4E58-AC5C-7C86FEAA9256}.Release|Any CPU.ActiveCfg = Release|Any CPU
		{C9FA6374-432B-4E58-AC5C-7C86FEAA9256}.Release|Any CPU.Build.0 = Release|Any CPU
	EndGlobalSection
	GlobalSection(SolutionProperties) = preSolution
		HideSolutionNode = FALSE
	EndGlobalSection
	GlobalSection(ExtensibilityGlobals) = postSolution
		SolutionGuid = {6041C7B6-0A8D-4C0B-9297-97E33FF1ED60}
	EndGlobalSection
EndGlobal
