
Microsoft Visual Studio Solution File, Format Version 12.00
# Visual Studio Version 16
VisualStudioVersion = 16.0.28803.452
MinimumVisualStudioVersion = 10.0.40219.1
Project("{9A19103F-16F7-4668-BE54-9A1E7A4F7556}") = "NServiceBus.Storage.MongoDB", "NServiceBus.Storage.MongoDB\NServiceBus.Storage.MongoDB.csproj", "{B34DDE97-B5F7-4FDE-8144-CE0A5C886947}"
EndProject
Project("{9A19103F-16F7-4668-BE54-9A1E7A4F7556}") = "NServiceBus.Storage.MongoDB.Tests", "NServiceBus.Storage.MongoDB.Tests\NServiceBus.Storage.MongoDB.Tests.csproj", "{3B39C103-9D66-490C-AF20-CDC976F80F90}"
EndProject
Project("{2150E333-8FDC-42A3-9474-1A3956D46DE8}") = "Solution Items", "Solution Items", "{204B96DD-7CDD-498E-B527-2CA09B17AD6D}"
	ProjectSection(SolutionItems) = preProject
		Directory.Build.props = Directory.Build.props
		..\GitVersion.yml = ..\GitVersion.yml
	EndProjectSection
EndProject
Project("{FAE04EC0-301F-11D3-BF4B-00C04F79EFBC}") = "NServiceBus.Storage.MongoDB.AcceptanceTests", "NServiceBus.Storage.MongoDB.AcceptanceTests\NServiceBus.Storage.MongoDB.AcceptanceTests.csproj", "{6BCA8AC9-E4BC-4920-BA3F-C218708B8A6B}"
EndProject
Global
	GlobalSection(SolutionConfigurationPlatforms) = preSolution
		Debug|Any CPU = Debug|Any CPU
		Release|Any CPU = Release|Any CPU
	EndGlobalSection
	GlobalSection(ProjectConfigurationPlatforms) = postSolution
		{B34DDE97-B5F7-4FDE-8144-CE0A5C886947}.Debug|Any CPU.ActiveCfg = Debug|Any CPU
		{B34DDE97-B5F7-4FDE-8144-CE0A5C886947}.Debug|Any CPU.Build.0 = Debug|Any CPU
		{B34DDE97-B5F7-4FDE-8144-CE0A5C886947}.Release|Any CPU.ActiveCfg = Release|Any CPU
		{B34DDE97-B5F7-4FDE-8144-CE0A5C886947}.Release|Any CPU.Build.0 = Release|Any CPU
		{3B39C103-9D66-490C-AF20-CDC976F80F90}.Debug|Any CPU.ActiveCfg = Debug|Any CPU
		{3B39C103-9D66-490C-AF20-CDC976F80F90}.Debug|Any CPU.Build.0 = Debug|Any CPU
		{3B39C103-9D66-490C-AF20-CDC976F80F90}.Release|Any CPU.ActiveCfg = Release|Any CPU
		{3B39C103-9D66-490C-AF20-CDC976F80F90}.Release|Any CPU.Build.0 = Release|Any CPU
		{6BCA8AC9-E4BC-4920-BA3F-C218708B8A6B}.Debug|Any CPU.ActiveCfg = Debug|Any CPU
		{6BCA8AC9-E4BC-4920-BA3F-C218708B8A6B}.Debug|Any CPU.Build.0 = Debug|Any CPU
		{6BCA8AC9-E4BC-4920-BA3F-C218708B8A6B}.Release|Any CPU.ActiveCfg = Release|Any CPU
		{6BCA8AC9-E4BC-4920-BA3F-C218708B8A6B}.Release|Any CPU.Build.0 = Release|Any CPU
	EndGlobalSection
	GlobalSection(SolutionProperties) = preSolution
		HideSolutionNode = FALSE
	EndGlobalSection
	GlobalSection(ExtensibilityGlobals) = postSolution
		SolutionGuid = {6041C7B6-0A8D-4C0B-9297-97E33FF1ED60}
	EndGlobalSection
EndGlobal
